// !$*UTF8*$!
{
	archiveVersion = 1;
	classes = {
	};
	objectVersion = 77;
	objects = {

/* Begin PBXContainerItemProxy section */
		20020AFE2DA1123600D28357 /* PBXContainerItemProxy */ = {
			isa = PBXContainerItemProxy;
			containerPortal = 20020ADF2DA1123500D28357 /* Project object */;
			proxyType = 1;
			remoteGlobalIDString = 20020AE62DA1123500D28357;
			remoteInfo = unitTestForLogin;
		};
		20020B082DA1123600D28357 /* PBXContainerItemProxy */ = {
			isa = PBXContainerItemProxy;
			containerPortal = 20020ADF2DA1123500D28357 /* Project object */;
			proxyType = 1;
			remoteGlobalIDString = 20020AE62DA1123500D28357;
			remoteInfo = unitTestForLogin;
		};
/* End PBXContainerItemProxy section */

/* Begin PBXFileReference section */
		20020AE72DA1123500D28357 /* unitTestForLogin.app */ = {isa = PBXFileReference; explicitFileType = wrapper.application; includeInIndex = 0; path = unitTestForLogin.app; sourceTree = BUILT_PRODUCTS_DIR; };
		20020AFD2DA1123600D28357 /* unitTestForLoginTests.xctest */ = {isa = PBXFileReference; explicitFileType = wrapper.cfbundle; includeInIndex = 0; path = unitTestForLoginTests.xctest; sourceTree = BUILT_PRODUCTS_DIR; };
		20020B072DA1123600D28357 /* unitTestForLoginUITests.xctest */ = {isa = PBXFileReference; explicitFileType = wrapper.cfbundle; includeInIndex = 0; path = unitTestForLoginUITests.xctest; sourceTree = BUILT_PRODUCTS_DIR; };
/* End PBXFileReference section */

/* Begin PBXFileSystemSynchronizedBuildFileExceptionSet section */
		20020B0F2DA1123600D28357 /* Exceptions for "unitTestForLogin" folder in "unitTestForLogin" target */ = {
			isa = PBXFileSystemSynchronizedBuildFileExceptionSet;
			membershipExceptions = (
				Info.plist,
			);
			target = 20020AE62DA1123500D28357 /* unitTestForLogin */;
		};
/* End PBXFileSystemSynchronizedBuildFileExceptionSet section */

/* Begin PBXFileSystemSynchronizedRootGroup section */
		20020AE92DA1123500D28357 /* unitTestForLogin */ = {
			isa = PBXFileSystemSynchronizedRootGroup;
			exceptions = (
				20020B0F2DA1123600D28357 /* Exceptions for "unitTestForLogin" folder in "unitTestForLogin" target */,
			);
			path = unitTestForLogin;
			sourceTree = "<group>";
		};
		20020B002DA1123600D28357 /* unitTestForLoginTests */ = {
			isa = PBXFileSystemSynchronizedRootGroup;
			path = unitTestForLoginTests;
			sourceTree = "<group>";
		};
		20020B0A2DA1123600D28357 /* unitTestForLoginUITests */ = {
			isa = PBXFileSystemSynchronizedRootGroup;
			path = unitTestForLoginUITests;
			sourceTree = "<group>";
		};
/* End PBXFileSystemSynchronizedRootGroup section */

/* Begin PBXFrameworksBuildPhase section */
		20020AE42DA1123500D28357 /* Frameworks */ = {
			isa = PBXFrameworksBuildPhase;
			buildActionMask = 2147483647;
			files = (
			);
			runOnlyForDeploymentPostprocessing = 0;
		};
		20020AFA2DA1123600D28357 /* Frameworks */ = {
			isa = PBXFrameworksBuildPhase;
			buildActionMask = 2147483647;
			files = (
			);
			runOnlyForDeploymentPostprocessing = 0;
		};
		20020B042DA1123600D28357 /* Frameworks */ = {
			isa = PBXFrameworksBuildPhase;
			buildActionMask = 2147483647;
			files = (
			);
			runOnlyForDeploymentPostprocessing = 0;
		};
/* End PBXFrameworksBuildPhase section */

/* Begin PBXGroup section */
		20020ADE2DA1123500D28357 = {
			isa = PBXGroup;
			children = (
				20020AE92DA1123500D28357 /* unitTestForLogin */,
				20020B002DA1123600D28357 /* unitTestForLoginTests */,
				20020B0A2DA1123600D28357 /* unitTestForLoginUITests */,
				20020AE82DA1123500D28357 /* Products */,
			);
			sourceTree = "<group>";
		};
		20020AE82DA1123500D28357 /* Products */ = {
			isa = PBXGroup;
			children = (
				20020AE72DA1123500D28357 /* unitTestForLogin.app */,
				20020AFD2DA1123600D28357 /* unitTestForLoginTests.xctest */,
				20020B072DA1123600D28357 /* unitTestForLoginUITests.xctest */,
			);
			name = Products;
			sourceTree = "<group>";
		};
/* End PBXGroup section */

/* Begin PBXNativeTarget section */
		20020AE62DA1123500D28357 /* unitTestForLogin */ = {
			isa = PBXNativeTarget;
			buildConfigurationList = 20020B102DA1123600D28357 /* Build configuration list for PBXNativeTarget "unitTestForLogin" */;
			buildPhases = (
				20020AE32DA1123500D28357 /* Sources */,
				20020AE42DA1123500D28357 /* Frameworks */,
				20020AE52DA1123500D28357 /* Resources */,
			);
			buildRules = (
			);
			dependencies = (
			);
			fileSystemSynchronizedGroups = (
				20020AE92DA1123500D28357 /* unitTestForLogin */,
			);
			name = unitTestForLogin;
			packageProductDependencies = (
			);
			productName = unitTestForLogin;
			productReference = 20020AE72DA1123500D28357 /* unitTestForLogin.app */;
			productType = "com.apple.product-type.application";
		};
		20020AFC2DA1123600D28357 /* unitTestForLoginTests */ = {
			isa = PBXNativeTarget;
			buildConfigurationList = 20020B152DA1123600D28357 /* Build configuration list for PBXNativeTarget "unitTestForLoginTests" */;
			buildPhases = (
				20020AF92DA1123600D28357 /* Sources */,
				20020AFA2DA1123600D28357 /* Frameworks */,
				20020AFB2DA1123600D28357 /* Resources */,
			);
			buildRules = (
			);
			dependencies = (
				20020AFF2DA1123600D28357 /* PBXTargetDependency */,
			);
			fileSystemSynchronizedGroups = (
				20020B002DA1123600D28357 /* unitTestForLoginTests */,
			);
			name = unitTestForLoginTests;
			packageProductDependencies = (
			);
			productName = unitTestForLoginTests;
			productReference = 20020AFD2DA1123600D28357 /* unitTestForLoginTests.xctest */;
			productType = "com.apple.product-type.bundle.unit-test";
		};
		20020B062DA1123600D28357 /* unitTestForLoginUITests */ = {
			isa = PBXNativeTarget;
			buildConfigurationList = 20020B182DA1123600D28357 /* Build configuration list for PBXNativeTarget "unitTestForLoginUITests" */;
			buildPhases = (
				20020B032DA1123600D28357 /* Sources */,
				20020B042DA1123600D28357 /* Frameworks */,
				20020B052DA1123600D28357 /* Resources */,
			);
			buildRules = (
			);
			dependencies = (
				20020B092DA1123600D28357 /* PBXTargetDependency */,
			);
			fileSystemSynchronizedGroups = (
				20020B0A2DA1123600D28357 /* unitTestForLoginUITests */,
			);
			name = unitTestForLoginUITests;
			packageProductDependencies = (
			);
			productName = unitTestForLoginUITests;
			productReference = 20020B072DA1123600D28357 /* unitTestForLoginUITests.xctest */;
			productType = "com.apple.product-type.bundle.ui-testing";
		};
/* End PBXNativeTarget section */

/* Begin PBXProject section */
		20020ADF2DA1123500D28357 /* Project object */ = {
			isa = PBXProject;
			attributes = {
				BuildIndependentTargetsInParallel = 1;
				LastSwiftUpdateCheck = 1620;
				LastUpgradeCheck = 1620;
				TargetAttributes = {
					20020AE62DA1123500D28357 = {
						CreatedOnToolsVersion = 16.2;
					};
					20020AFC2DA1123600D28357 = {
						CreatedOnToolsVersion = 16.2;
						TestTargetID = 20020AE62DA1123500D28357;
					};
					20020B062DA1123600D28357 = {
						CreatedOnToolsVersion = 16.2;
						TestTargetID = 20020AE62DA1123500D28357;
					};
				};
			};
			buildConfigurationList = 20020AE22DA1123500D28357 /* Build configuration list for PBXProject "unitTestForLogin" */;
			developmentRegion = en;
			hasScannedForEncodings = 0;
			knownRegions = (
				en,
				Base,
			);
			mainGroup = 20020ADE2DA1123500D28357;
			minimizedProjectReferenceProxies = 1;
			preferredProjectObjectVersion = 77;
			productRefGroup = 20020AE82DA1123500D28357 /* Products */;
			projectDirPath = "";
			projectRoot = "";
			targets = (
				20020AE62DA1123500D28357 /* unitTestForLogin */,
				20020AFC2DA1123600D28357 /* unitTestForLoginTests */,
				20020B062DA1123600D28357 /* unitTestForLoginUITests */,
			);
		};
/* End PBXProject section */

/* Begin PBXResourcesBuildPhase section */
		20020AE52DA1123500D28357 /* Resources */ = {
			isa = PBXResourcesBuildPhase;
			buildActionMask = 2147483647;
			files = (
			);
			runOnlyForDeploymentPostprocessing = 0;
		};
		20020AFB2DA1123600D28357 /* Resources */ = {
			isa = PBXResourcesBuildPhase;
			buildActionMask = 2147483647;
			files = (
			);
			runOnlyForDeploymentPostprocessing = 0;
		};
		20020B052DA1123600D28357 /* Resources */ = {
			isa = PBXResourcesBuildPhase;
			buildActionMask = 2147483647;
			files = (
			);
			runOnlyForDeploymentPostprocessing = 0;
		};
/* End PBXResourcesBuildPhase section */

/* Begin PBXSourcesBuildPhase section */
		20020AE32DA1123500D28357 /* Sources */ = {
			isa = PBXSourcesBuildPhase;
			buildActionMask = 2147483647;
			files = (
			);
			runOnlyForDeploymentPostprocessing = 0;
		};
		20020AF92DA1123600D28357 /* Sources */ = {
			isa = PBXSourcesBuildPhase;
			buildActionMask = 2147483647;
			files = (
			);
			runOnlyForDeploymentPostprocessing = 0;
		};
		20020B032DA1123600D28357 /* Sources */ = {
			isa = PBXSourcesBuildPhase;
			buildActionMask = 2147483647;
			files = (
			);
			runOnlyForDeploymentPostprocessing = 0;
		};
/* End PBXSourcesBuildPhase section */

/* Begin PBXTargetDependency section */
		20020AFF2DA1123600D28357 /* PBXTargetDependency */ = {
			isa = PBXTargetDependency;
			target = 20020AE62DA1123500D28357 /* unitTestForLogin */;
			targetProxy = 20020AFE2DA1123600D28357 /* PBXContainerItemProxy */;
		};
		20020B092DA1123600D28357 /* PBXTargetDependency */ = {
			isa = PBXTargetDependency;
			target = 20020AE62DA1123500D28357 /* unitTestForLogin */;
			targetProxy = 20020B082DA1123600D28357 /* PBXContainerItemProxy */;
		};
/* End PBXTargetDependency section */

/* Begin XCBuildConfiguration section */
		20020B112DA1123600D28357 /* Debug */ = {
			isa = XCBuildConfiguration;
			buildSettings = {
				ASSETCATALOG_COMPILER_APPICON_NAME = AppIcon;
				ASSETCATALOG_COMPILER_GLOBAL_ACCENT_COLOR_NAME = AccentColor;
				CODE_SIGN_STYLE = Automatic;
				CURRENT_PROJECT_VERSION = 1;
				DEVELOPMENT_TEAM = 22Y3C7V395;
				GENERATE_INFOPLIST_FILE = YES;
				INFOPLIST_FILE = unitTestForLogin/Info.plist;
				INFOPLIST_KEY_UIApplicationSupportsIndirectInputEvents = YES;
				INFOPLIST_KEY_UILaunchStoryboardName = LaunchScreen;
				INFOPLIST_KEY_UIMainStoryboardFile = Main;
				INFOPLIST_KEY_UISupportedInterfaceOrientations_iPad = "UIInterfaceOrientationPortrait UIInterfaceOrientationPortraitUpsideDown UIInterfaceOrientationLandscapeLeft UIInterfaceOrientationLandscapeRight";
				INFOPLIST_KEY_UISupportedInterfaceOrientations_iPhone = "UIInterfaceOrientationPortrait UIInterfaceOrientationLandscapeLeft UIInterfaceOrientationLandscapeRight";
				LD_RUNPATH_SEARCH_PATHS = (
					"$(inherited)",
					"@executable_path/Frameworks",
				);
				MARKETING_VERSION = 1.0;
				PRODUCT_BUNDLE_IDENTIFIER = priya.unitTestForLogin;
				PRODUCT_NAME = "$(TARGET_NAME)";
				SWIFT_EMIT_LOC_STRINGS = YES;
				SWIFT_VERSION = 5.0;
				TARGETED_DEVICE_FAMILY = "1,2";
			};
			name = Debug;
		};
		20020B122DA1123600D28357 /* Release */ = {
			isa = XCBuildConfiguration;
			buildSettings = {
				ASSETCATALOG_COMPILER_APPICON_NAME = AppIcon;
				ASSETCATALOG_COMPILER_GLOBAL_ACCENT_COLOR_NAME = AccentColor;
				CODE_SIGN_STYLE = Automatic;
				CURRENT_PROJECT_VERSION = 1;
				DEVELOPMENT_TEAM = 22Y3C7V395;
				GENERATE_INFOPLIST_FILE = YES;
				INFOPLIST_FILE = unitTestForLogin/Info.plist;
				INFOPLIST_KEY_UIApplicationSupportsIndirectInputEvents = YES;
				INFOPLIST_KEY_UILaunchStoryboardName = LaunchScreen;
				INFOPLIST_KEY_UIMainStoryboardFile = Main;
				INFOPLIST_KEY_UISupportedInterfaceOrientations_iPad = "UIInterfaceOrientationPortrait UIInterfaceOrientationPortraitUpsideDown UIInterfaceOrientationLandscapeLeft UIInterfaceOrientationLandscapeRight";
				INFOPLIST_KEY_UISupportedInterfaceOrientations_iPhone = "UIInterfaceOrientationPortrait UIInterfaceOrientationLandscapeLeft UIInterfaceOrientationLandscapeRight";
				LD_RUNPATH_SEARCH_PATHS = (
					"$(inherited)",
					"@executable_path/Frameworks",
				);
				MARKETING_VERSION = 1.0;
				PRODUCT_BUNDLE_IDENTIFIER = priya.unitTestForLogin;
				PRODUCT_NAME = "$(TARGET_NAME)";
				SWIFT_EMIT_LOC_STRINGS = YES;
				SWIFT_VERSION = 5.0;
				TARGETED_DEVICE_FAMILY = "1,2";
			};
			name = Release;
		};
		20020B132DA1123600D28357 /* Debug */ = {
			isa = XCBuildConfiguration;
			buildSettings = {
				ALWAYS_SEARCH_USER_PATHS = NO;
				ASSETCATALOG_COMPILER_GENERATE_SWIFT_ASSET_SYMBOL_EXTENSIONS = YES;
				CLANG_ANALYZER_NONNULL = YES;
				CLANG_ANALYZER_NUMBER_OBJECT_CONVERSION = YES_AGGRESSIVE;
				CLANG_CXX_LANGUAGE_STANDARD = "gnu++20";
				CLANG_ENABLE_MODULES = YES;
				CLANG_ENABLE_OBJC_ARC = YES;
				CLANG_ENABLE_OBJC_WEAK = YES;
				CLANG_WARN_BLOCK_CAPTURE_AUTORELEASING = YES;
				CLANG_WARN_BOOL_CONVERSION = YES;
				CLANG_WARN_COMMA = YES;
				CLANG_WARN_CONSTANT_CONVERSION = YES;
				CLANG_WARN_DEPRECATED_OBJC_IMPLEMENTATIONS = YES;
				CLANG_WARN_DIRECT_OBJC_ISA_USAGE = YES_ERROR;
				CLANG_WARN_DOCUMENTATION_COMMENTS = YES;
				CLANG_WARN_EMPTY_BODY = YES;
				CLANG_WARN_ENUM_CONVERSION = YES;
				CLANG_WARN_INFINITE_RECURSION = YES;
				CLANG_WARN_INT_CONVERSION = YES;
				CLANG_WARN_NON_LITERAL_NULL_CONVERSION = YES;
				CLANG_WARN_OBJC_IMPLICIT_RETAIN_SELF = YES;
				CLANG_WARN_OBJC_LITERAL_CONVERSION = YES;
				CLANG_WARN_OBJC_ROOT_CLASS = YES_ERROR;
				CLANG_WARN_QUOTED_INCLUDE_IN_FRAMEWORK_HEADER = YES;
				CLANG_WARN_RANGE_LOOP_ANALYSIS = YES;
				CLANG_WARN_STRICT_PROTOTYPES = YES;
				CLANG_WARN_SUSPICIOUS_MOVE = YES;
				CLANG_WARN_UNGUARDED_AVAILABILITY = YES_AGGRESSIVE;
				CLANG_WARN_UNREACHABLE_CODE = YES;
				CLANG_WARN__DUPLICATE_METHOD_MATCH = YES;
				COPY_PHASE_STRIP = NO;
				DEBUG_INFORMATION_FORMAT = dwarf;
				ENABLE_STRICT_OBJC_MSGSEND = YES;
				ENABLE_TESTABILITY = YES;
				ENABLE_USER_SCRIPT_SANDBOXING = YES;
				GCC_C_LANGUAGE_STANDARD = gnu17;
				GCC_DYNAMIC_NO_PIC = NO;
				GCC_NO_COMMON_BLOCKS = YES;
				GCC_OPTIMIZATION_LEVEL = 0;
				GCC_PREPROCESSOR_DEFINITIONS = (
					"DEBUG=1",
					"$(inherited)",
				);
				GCC_WARN_64_TO_32_BIT_CONVERSION = YES;
				GCC_WARN_ABOUT_RETURN_TYPE = YES_ERROR;
				GCC_WARN_UNDECLARED_SELECTOR = YES;
				GCC_WARN_UNINITIALIZED_AUTOS = YES_AGGRESSIVE;
				GCC_WARN_UNUSED_FUNCTION = YES;
				GCC_WARN_UNUSED_VARIABLE = YES;
				IPHONEOS_DEPLOYMENT_TARGET = 18.2;
				LOCALIZATION_PREFERS_STRING_CATALOGS = YES;
				MTL_ENABLE_DEBUG_INFO = INCLUDE_SOURCE;
				MTL_FAST_MATH = YES;
				ONLY_ACTIVE_ARCH = YES;
				SDKROOT = iphoneos;
				SWIFT_ACTIVE_COMPILATION_CONDITIONS = "DEBUG $(inherited)";
				SWIFT_OPTIMIZATION_LEVEL = "-Onone";
			};
			name = Debug;
		};
		20020B142DA1123600D28357 /* Release */ = {
			isa = XCBuildConfiguration;
			buildSettings = {
				ALWAYS_SEARCH_USER_PATHS = NO;
				ASSETCATALOG_COMPILER_GENERATE_SWIFT_ASSET_SYMBOL_EXTENSIONS = YES;
				CLANG_ANALYZER_NONNULL = YES;
				CLANG_ANALYZER_NUMBER_OBJECT_CONVERSION = YES_AGGRESSIVE;
				CLANG_CXX_LANGUAGE_STANDARD = "gnu++20";
				CLANG_ENABLE_MODULES = YES;
				CLANG_ENABLE_OBJC_ARC = YES;
				CLANG_ENABLE_OBJC_WEAK = YES;
				CLANG_WARN_BLOCK_CAPTURE_AUTORELEASING = YES;
				CLANG_WARN_BOOL_CONVERSION = YES;
				CLANG_WARN_COMMA = YES;
				CLANG_WARN_CONSTANT_CONVERSION = YES;
				CLANG_WARN_DEPRECATED_OBJC_IMPLEMENTATIONS = YES;
				CLANG_WARN_DIRECT_OBJC_ISA_USAGE = YES_ERROR;
				CLANG_WARN_DOCUMENTATION_COMMENTS = YES;
				CLANG_WARN_EMPTY_BODY = YES;
				CLANG_WARN_ENUM_CONVERSION = YES;
				CLANG_WARN_INFINITE_RECURSION = YES;
				CLANG_WARN_INT_CONVERSION = YES;
				CLANG_WARN_NON_LITERAL_NULL_CONVERSION = YES;
				CLANG_WARN_OBJC_IMPLICIT_RETAIN_SELF = YES;
				CLANG_WARN_OBJC_LITERAL_CONVERSION = YES;
				CLANG_WARN_OBJC_ROOT_CLASS = YES_ERROR;
				CLANG_WARN_QUOTED_INCLUDE_IN_FRAMEWORK_HEADER = YES;
				CLANG_WARN_RANGE_LOOP_ANALYSIS = YES;
				CLANG_WARN_STRICT_PROTOTYPES = YES;
				CLANG_WARN_SUSPICIOUS_MOVE = YES;
				CLANG_WARN_UNGUARDED_AVAILABILITY = YES_AGGRESSIVE;
				CLANG_WARN_UNREACHABLE_CODE = YES;
				CLANG_WARN__DUPLICATE_METHOD_MATCH = YES;
				COPY_PHASE_STRIP = NO;
				DEBUG_INFORMATION_FORMAT = "dwarf-with-dsym";
				ENABLE_NS_ASSERTIONS = NO;
				ENABLE_STRICT_OBJC_MSGSEND = YES;
				ENABLE_USER_SCRIPT_SANDBOXING = YES;
				GCC_C_LANGUAGE_STANDARD = gnu17;
				GCC_NO_COMMON_BLOCKS = YES;
				GCC_WARN_64_TO_32_BIT_CONVERSION = YES;
				GCC_WARN_ABOUT_RETURN_TYPE = YES_ERROR;
				GCC_WARN_UNDECLARED_SELECTOR = YES;
				GCC_WARN_UNINITIALIZED_AUTOS = YES_AGGRESSIVE;
				GCC_WARN_UNUSED_FUNCTION = YES;
				GCC_WARN_UNUSED_VARIABLE = YES;
				IPHONEOS_DEPLOYMENT_TARGET = 18.2;
				LOCALIZATION_PREFERS_STRING_CATALOGS = YES;
				MTL_ENABLE_DEBUG_INFO = NO;
				MTL_FAST_MATH = YES;
				SDKROOT = iphoneos;
				SWIFT_COMPILATION_MODE = wholemodule;
				VALIDATE_PRODUCT = YES;
			};
			name = Release;
		};
		20020B162DA1123600D28357 /* Debug */ = {
			isa = XCBuildConfiguration;
			buildSettings = {
				BUNDLE_LOADER = "$(TEST_HOST)";
				CODE_SIGN_STYLE = Automatic;
				CURRENT_PROJECT_VERSION = 1;
				DEVELOPMENT_TEAM = 22Y3C7V395;
				GENERATE_INFOPLIST_FILE = YES;
				IPHONEOS_DEPLOYMENT_TARGET = 18.2;
				MARKETING_VERSION = 1.0;
				PRODUCT_BUNDLE_IDENTIFIER = priya.unitTestForLoginTests;
				PRODUCT_NAME = "$(TARGET_NAME)";
				SWIFT_EMIT_LOC_STRINGS = NO;
				SWIFT_VERSION = 5.0;
				TARGETED_DEVICE_FAMILY = "1,2";
				TEST_HOST = "$(BUILT_PRODUCTS_DIR)/unitTestForLogin.app/$(BUNDLE_EXECUTABLE_FOLDER_PATH)/unitTestForLogin";
			};
			name = Debug;
		};
		20020B172DA1123600D28357 /* Release */ = {
			isa = XCBuildConfiguration;
			buildSettings = {
				BUNDLE_LOADER = "$(TEST_HOST)";
				CODE_SIGN_STYLE = Automatic;
				CURRENT_PROJECT_VERSION = 1;
				DEVELOPMENT_TEAM = 22Y3C7V395;
				GENERATE_INFOPLIST_FILE = YES;
				IPHONEOS_DEPLOYMENT_TARGET = 18.2;
				MARKETING_VERSION = 1.0;
				PRODUCT_BUNDLE_IDENTIFIER = priya.unitTestForLoginTests;
				PRODUCT_NAME = "$(TARGET_NAME)";
				SWIFT_EMIT_LOC_STRINGS = NO;
				SWIFT_VERSION = 5.0;
				TARGETED_DEVICE_FAMILY = "1,2";
				TEST_HOST = "$(BUILT_PRODUCTS_DIR)/unitTestForLogin.app/$(BUNDLE_EXECUTABLE_FOLDER_PATH)/unitTestForLogin";
			};
			name = Release;
		};
		20020B192DA1123600D28357 /* Debug */ = {
			isa = XCBuildConfiguration;
			buildSettings = {
				CODE_SIGN_STYLE = Automatic;
				CURRENT_PROJECT_VERSION = 1;
				DEVELOPMENT_TEAM = 22Y3C7V395;
				GENERATE_INFOPLIST_FILE = YES;
				MARKETING_VERSION = 1.0;
				PRODUCT_BUNDLE_IDENTIFIER = priya.unitTestForLoginUITests;
				PRODUCT_NAME = "$(TARGET_NAME)";
				SWIFT_EMIT_LOC_STRINGS = NO;
				SWIFT_VERSION = 5.0;
				TARGETED_DEVICE_FAMILY = "1,2";
				TEST_TARGET_NAME = unitTestForLogin;
			};
			name = Debug;
		};
		20020B1A2DA1123600D28357 /* Release */ = {
			isa = XCBuildConfiguration;
			buildSettings = {
				CODE_SIGN_STYLE = Automatic;
				CURRENT_PROJECT_VERSION = 1;
				DEVELOPMENT_TEAM = 22Y3C7V395;
				GENERATE_INFOPLIST_FILE = YES;
				MARKETING_VERSION = 1.0;
				PRODUCT_BUNDLE_IDENTIFIER = priya.unitTestForLoginUITests;
				PRODUCT_NAME = "$(TARGET_NAME)";
				SWIFT_EMIT_LOC_STRINGS = NO;
				SWIFT_VERSION = 5.0;
				TARGETED_DEVICE_FAMILY = "1,2";
				TEST_TARGET_NAME = unitTestForLogin;
			};
			name = Release;
		};
/* End XCBuildConfiguration section */

/* Begin XCConfigurationList section */
		20020AE22DA1123500D28357 /* Build configuration list for PBXProject "unitTestForLogin" */ = {
			isa = XCConfigurationList;
			buildConfigurations = (
				20020B132DA1123600D28357 /* Debug */,
				20020B142DA1123600D28357 /* Release */,
			);
			defaultConfigurationIsVisible = 0;
			defaultConfigurationName = Release;
		};
		20020B102DA1123600D28357 /* Build configuration list for PBXNativeTarget "unitTestForLogin" */ = {
			isa = XCConfigurationList;
			buildConfigurations = (
				20020B112DA1123600D28357 /* Debug */,
				20020B122DA1123600D28357 /* Release */,
			);
			defaultConfigurationIsVisible = 0;
			defaultConfigurationName = Release;
		};
		20020B152DA1123600D28357 /* Build configuration list for PBXNativeTarget "unitTestForLoginTests" */ = {
			isa = XCConfigurationList;
			buildConfigurations = (
				20020B162DA1123600D28357 /* Debug */,
				20020B172DA1123600D28357 /* Release */,
			);
			defaultConfigurationIsVisible = 0;
			defaultConfigurationName = Release;
		};
		20020B182DA1123600D28357 /* Build configuration list for PBXNativeTarget "unitTestForLoginUITests" */ = {
			isa = XCConfigurationList;
			buildConfigurations = (
				20020B192DA1123600D28357 /* Debug */,
				20020B1A2DA1123600D28357 /* Release */,
			);
			defaultConfigurationIsVisible = 0;
			defaultConfigurationName = Release;
		};
/* End XCConfigurationList section */
	};
	rootObject = 20020ADF2DA1123500D28357 /* Project object */;
}
